
Microsoft Visual Studio Solution File, Format Version 12.00
# Visual Studio 14
VisualStudioVersion = 14.0.25420.1
MinimumVisualStudioVersion = 10.0.40219.1
Project("{FAE04EC0-301F-11D3-BF4B-00C04F79EFBC}") = "CD.ABM.Console", "CD.Console\CD.ABM.Console.csproj", "{F337AC25-A34F-4CAB-9A36-8162501D6374}"
	ProjectSection(ProjectDependencies) = postProject
		{16E814EE-0459-4E08-B0A0-44F355DB9D59} = {16E814EE-0459-4E08-B0A0-44F355DB9D59}
	EndProjectSection
EndProject
Project("{FAE04EC0-301F-11D3-BF4B-00C04F79EFBC}") = "CD.ABM.Logic", "CD.ABM.Logic\CD.ABM.Logic.csproj", "{16E814EE-0459-4E08-B0A0-44F355DB9D59}"
EndProject
Project("{00D1A9C2-B5F0-4AF3-8072-F6C62B433612}") = "CD.ABM.DB", "CD.DB\CD.ABM.DB.sqlproj", "{4537EC36-A378-438A-9309-00AADE364BCE}"
EndProject
Project("{FAE04EC0-301F-11D3-BF4B-00C04F79EFBC}") = "DALC4NET", "C:\Users\rtayal\Downloads\DALC4NETSourceCode\DALC4NET\DALC4NET.csproj", "{E5AD1678-CF38-446A-A978-17254BD099DE}"
EndProject
Global
	GlobalSection(SolutionConfigurationPlatforms) = preSolution
		Debug|Any CPU = Debug|Any CPU
		Release|Any CPU = Release|Any CPU
	EndGlobalSection
	GlobalSection(ProjectConfigurationPlatforms) = postSolution
		{F337AC25-A34F-4CAB-9A36-8162501D6374}.Debug|Any CPU.ActiveCfg = Debug|Any CPU
		{F337AC25-A34F-4CAB-9A36-8162501D6374}.Debug|Any CPU.Build.0 = Debug|Any CPU
		{F337AC25-A34F-4CAB-9A36-8162501D6374}.Release|Any CPU.ActiveCfg = Release|Any CPU
		{F337AC25-A34F-4CAB-9A36-8162501D6374}.Release|Any CPU.Build.0 = Release|Any CPU
		{16E814EE-0459-4E08-B0A0-44F355DB9D59}.Debug|Any CPU.ActiveCfg = Debug|Any CPU
		{16E814EE-0459-4E08-B0A0-44F355DB9D59}.Debug|Any CPU.Build.0 = Debug|Any CPU
		{16E814EE-0459-4E08-B0A0-44F355DB9D59}.Release|Any CPU.ActiveCfg = Release|Any CPU
		{16E814EE-0459-4E08-B0A0-44F355DB9D59}.Release|Any CPU.Build.0 = Release|Any CPU
		{4537EC36-A378-438A-9309-00AADE364BCE}.Debug|Any CPU.ActiveCfg = Debug|Any CPU
		{4537EC36-A378-438A-9309-00AADE364BCE}.Debug|Any CPU.Build.0 = Debug|Any CPU
		{4537EC36-A378-438A-9309-00AADE364BCE}.Debug|Any CPU.Deploy.0 = Debug|Any CPU
		{4537EC36-A378-438A-9309-00AADE364BCE}.Release|Any CPU.ActiveCfg = Release|Any CPU
		{4537EC36-A378-438A-9309-00AADE364BCE}.Release|Any CPU.Build.0 = Release|Any CPU
		{4537EC36-A378-438A-9309-00AADE364BCE}.Release|Any CPU.Deploy.0 = Release|Any CPU
		{E5AD1678-CF38-446A-A978-17254BD099DE}.Debug|Any CPU.ActiveCfg = Debug|Any CPU
		{E5AD1678-CF38-446A-A978-17254BD099DE}.Debug|Any CPU.Build.0 = Debug|Any CPU
		{E5AD1678-CF38-446A-A978-17254BD099DE}.Release|Any CPU.ActiveCfg = Release|Any CPU
		{E5AD1678-CF38-446A-A978-17254BD099DE}.Release|Any CPU.Build.0 = Release|Any CPU
	EndGlobalSection
	GlobalSection(SolutionProperties) = preSolution
		HideSolutionNode = FALSE
	EndGlobalSection
EndGlobal
